
Microsoft Visual Studio Solution File, Format Version 12.00
# Visual Studio Version 17
VisualStudioVersion = 17.14.36401.2
MinimumVisualStudioVersion = 10.0.40219.1
Project("{FAE04EC0-301F-11D3-BF4B-00C04F79EFBC}") = "CommercialNews.BuildingBlocks", "src\building-blocks\CommercialNews.BuildingBlocks\CommercialNews.BuildingBlocks.csproj", "{F0A5C638-300B-EDD0-8D67-2E2F5E9D92D1}"
EndProject
Project("{FAE04EC0-301F-11D3-BF4B-00C04F79EFBC}") = "CommercialNews.Api", "src\hosts\CommercialNews.Api\CommercialNews.Api.csproj", "{11191CC8-F365-499B-46A1-12DFC70FFF05}"
EndProject
Project("{FAE04EC0-301F-11D3-BF4B-00C04F79EFBC}") = "CommercialNews.Worker", "src\hosts\CommercialNews.Worker\CommercialNews.Worker.csproj", "{C3FC7DD7-0DDA-3120-6544-9C8FAC172957}"
EndProject
Project("{2150E333-8FDC-42A3-9474-1A3956D46DE8}") = "modules", "modules", "{02EA681E-C7D8-13C7-8484-4AC65E1B71E8}"
EndProject
Project("{2150E333-8FDC-42A3-9474-1A3956D46DE8}") = "Identity", "Identity", "{EFDAA20B-0840-4A6E-BF30-78AA2DB51CBD}"
EndProject
Project("{FAE04EC0-301F-11D3-BF4B-00C04F79EFBC}") = "Identity.Application", "src\modules\Identity\Identity.Application\Identity.Application.csproj", "{1C31E1CF-11F0-5143-303A-D10ACB039B86}"
EndProject
Project("{FAE04EC0-301F-11D3-BF4B-00C04F79EFBC}") = "Identity.Domain", "src\modules\Identity\Identity.Domain\Identity.Domain.csproj", "{AC65F606-64B2-E230-D41C-30E01BD95171}"
EndProject
Project("{FAE04EC0-301F-11D3-BF4B-00C04F79EFBC}") = "Identity.Infrastructure", "src\modules\Identity\Identity.Infrastructure\Identity.Infrastructure.csproj", "{9B7ADD1B-2AFF-7DF7-6F23-2A34096EF98C}"
EndProject
Project("{2150E333-8FDC-42A3-9474-1A3956D46DE8}") = "src", "src", "{F419B2D9-8308-41CB-9B4D-382E7E4DD350}"
EndProject
Project("{2150E333-8FDC-42A3-9474-1A3956D46DE8}") = "modules", "modules", "{59981BE2-6486-41B3-AD1B-4C47D05BEBEF}"
EndProject
Project("{2150E333-8FDC-42A3-9474-1A3956D46DE8}") = "Authorization", "Authorization", "{991D74A2-1BCF-4353-938F-CD45C9B3F127}"
EndProject
Project("{FAE04EC0-301F-11D3-BF4B-00C04F79EFBC}") = "Authorization.Domain", "src\modules\Authorization\Authorization.Domain\Authorization.Domain.csproj", "{00F88D85-4A93-40C8-9172-B4F48560A959}"
EndProject
Project("{FAE04EC0-301F-11D3-BF4B-00C04F79EFBC}") = "Authorization.Application", "src\modules\Authorization\Authorization.Application\Authorization.Application.csproj", "{8AB82DE6-A912-47F0-ADE6-DEC0B53DDE62}"
EndProject
Project("{FAE04EC0-301F-11D3-BF4B-00C04F79EFBC}") = "Authorization.Infrastructure", "src\modules\Authorization\Authorization.Infrastructure\Authorization.Infrastructure.csproj", "{067881A8-381F-4C03-B388-E3388068466D}"
EndProject
Project("{2150E333-8FDC-42A3-9474-1A3956D46DE8}") = "Content", "Content", "{34869C52-955F-476B-AEBC-AB40B677B06B}"
EndProject
Project("{FAE04EC0-301F-11D3-BF4B-00C04F79EFBC}") = "Content.Domain", "src\modules\Content\Content.Domain\Content.Domain.csproj", "{7ED69AD8-5006-4380-B447-BFF05A0B618D}"
EndProject
Project("{FAE04EC0-301F-11D3-BF4B-00C04F79EFBC}") = "Content.Application", "src\modules\Content\Content.Application\Content.Application.csproj", "{5068104F-EEAC-446B-A787-AAF172B4212E}"
EndProject
Project("{FAE04EC0-301F-11D3-BF4B-00C04F79EFBC}") = "Content.Infrastructure", "src\modules\Content\Content.Infrastructure\Content.Infrastructure.csproj", "{8F4A1702-3E65-43B0-AB2D-08F396CF7F56}"
EndProject
Project("{2150E333-8FDC-42A3-9474-1A3956D46DE8}") = "Media", "Media", "{0412C843-9AAC-4A3D-9DCB-75050E79E617}"
EndProject
Project("{FAE04EC0-301F-11D3-BF4B-00C04F79EFBC}") = "Media.Domain", "src\modules\Media\Media.Domain\Media.Domain.csproj", "{614BD796-6AD7-4822-BDFA-E44BE7E97970}"
EndProject
Project("{FAE04EC0-301F-11D3-BF4B-00C04F79EFBC}") = "Media.Application", "src\modules\Media\Media.Application\Media.Application.csproj", "{1870D06A-6240-4965-83A4-A9AA42012DB6}"
EndProject
Project("{FAE04EC0-301F-11D3-BF4B-00C04F79EFBC}") = "Media.Infrastructure", "src\modules\Media\Media.Infrastructure\Media.Infrastructure.csproj", "{DD2DA139-DF90-42CE-AB8B-DC7A0111C611}"
EndProject
Project("{2150E333-8FDC-42A3-9474-1A3956D46DE8}") = "Seo", "Seo", "{9DE2CD81-F58D-4DEE-AEFF-486E14C0E1E3}"
EndProject
Project("{FAE04EC0-301F-11D3-BF4B-00C04F79EFBC}") = "Seo.Application", "src\modules\Seo\Seo.Application\Seo.Application.csproj", "{225C54DC-0B81-494C-A108-0C07DB95CEE0}"
EndProject
Project("{FAE04EC0-301F-11D3-BF4B-00C04F79EFBC}") = "Seo.Domain", "src\modules\Seo\Seo.Domain\Seo.Domain.csproj", "{6C99A479-2A07-4827-AE0C-1BC11C958BFF}"
EndProject
Project("{FAE04EC0-301F-11D3-BF4B-00C04F79EFBC}") = "Seo.Infrastructure", "src\modules\Seo\Seo.Infrastructure\Seo.Infrastructure.csproj", "{1FB5F5D0-232D-44F2-9DF6-B82C654890EC}"
EndProject
Project("{2150E333-8FDC-42A3-9474-1A3956D46DE8}") = "Reading", "Reading", "{3EEB16ED-7CDE-4B3B-9C47-1EF2A75496A6}"
EndProject
Project("{FAE04EC0-301F-11D3-BF4B-00C04F79EFBC}") = "Reading.Application", "src\modules\Reading\Reading.Application\Reading.Application.csproj", "{10C11486-AF4D-422C-8A8F-D5364703E2C5}"
EndProject
Project("{FAE04EC0-301F-11D3-BF4B-00C04F79EFBC}") = "Reading.Domain", "src\modules\Reading\Reading.Domain\Reading.Domain.csproj", "{60547E7E-AA55-46D3-9282-8768D90F73C0}"
EndProject
Project("{FAE04EC0-301F-11D3-BF4B-00C04F79EFBC}") = "Reading.Infrastructure", "src\modules\Reading\Reading.Infrastructure\Reading.Infrastructure.csproj", "{102AC8B6-5D1F-49F1-A998-DDA53A7774CB}"
EndProject
Project("{2150E333-8FDC-42A3-9474-1A3956D46DE8}") = "Interaction", "Interaction", "{269B62AC-8DDD-48F7-A28E-AE60967FF47D}"
EndProject
Project("{FAE04EC0-301F-11D3-BF4B-00C04F79EFBC}") = "Interaction.Domain", "src\modules\Interaction\Interaction.Domain\Interaction.Domain.csproj", "{A9F0E5EC-B9F5-4BE2-BA9A-BB2CCE12BA97}"
EndProject
Project("{FAE04EC0-301F-11D3-BF4B-00C04F79EFBC}") = "Interaction.Application", "src\modules\Interaction\Interaction.Application\Interaction.Application.csproj", "{BA4E9105-7C5A-44E0-9B72-D818893DCD30}"
EndProject
Project("{FAE04EC0-301F-11D3-BF4B-00C04F79EFBC}") = "Interaction.Infrastructure", "src\modules\Interaction\Interaction.Infrastructure\Interaction.Infrastructure.csproj", "{9DAB0951-88DF-4839-809D-97F4D65EAB81}"
EndProject
Project("{2150E333-8FDC-42A3-9474-1A3956D46DE8}") = "Notifications", "Notifications", "{A0982435-0F23-4D8B-B89F-52395FF7BDD2}"
EndProject
Project("{FAE04EC0-301F-11D3-BF4B-00C04F79EFBC}") = "Notifications.Application", "src\modules\Notifications\Notifications.Application\Notifications.Application.csproj", "{48C9F2E1-D790-4481-B61C-4AC962C35C99}"
EndProject
Project("{FAE04EC0-301F-11D3-BF4B-00C04F79EFBC}") = "Notifications.Domain", "src\modules\Notifications\Notifications.Domain\Notifications.Domain.csproj", "{7F6A6399-0D6D-499D-AB26-A7E97FB0D914}"
EndProject
Project("{FAE04EC0-301F-11D3-BF4B-00C04F79EFBC}") = "Notifications.Infrastructure", "src\modules\Notifications\Notifications.Infrastructure\Notifications.Infrastructure.csproj", "{DE6C2591-07C0-4B9B-8FFC-FBA4D04DE9CC}"
EndProject
Global
	GlobalSection(SolutionConfigurationPlatforms) = preSolution
		Debug|Any CPU = Debug|Any CPU
		Release|Any CPU = Release|Any CPU
	EndGlobalSection
	GlobalSection(ProjectConfigurationPlatforms) = postSolution
		{F0A5C638-300B-EDD0-8D67-2E2F5E9D92D1}.Debug|Any CPU.ActiveCfg = Debug|Any CPU
		{F0A5C638-300B-EDD0-8D67-2E2F5E9D92D1}.Debug|Any CPU.Build.0 = Debug|Any CPU
		{F0A5C638-300B-EDD0-8D67-2E2F5E9D92D1}.Release|Any CPU.ActiveCfg = Release|Any CPU
		{F0A5C638-300B-EDD0-8D67-2E2F5E9D92D1}.Release|Any CPU.Build.0 = Release|Any CPU
		{11191CC8-F365-499B-46A1-12DFC70FFF05}.Debug|Any CPU.ActiveCfg = Debug|Any CPU
		{11191CC8-F365-499B-46A1-12DFC70FFF05}.Debug|Any CPU.Build.0 = Debug|Any CPU
		{11191CC8-F365-499B-46A1-12DFC70FFF05}.Release|Any CPU.ActiveCfg = Release|Any CPU
		{11191CC8-F365-499B-46A1-12DFC70FFF05}.Release|Any CPU.Build.0 = Release|Any CPU
		{C3FC7DD7-0DDA-3120-6544-9C8FAC172957}.Debug|Any CPU.ActiveCfg = Debug|Any CPU
		{C3FC7DD7-0DDA-3120-6544-9C8FAC172957}.Debug|Any CPU.Build.0 = Debug|Any CPU
		{C3FC7DD7-0DDA-3120-6544-9C8FAC172957}.Release|Any CPU.ActiveCfg = Release|Any CPU
		{C3FC7DD7-0DDA-3120-6544-9C8FAC172957}.Release|Any CPU.Build.0 = Release|Any CPU
		{1C31E1CF-11F0-5143-303A-D10ACB039B86}.Debug|Any CPU.ActiveCfg = Debug|Any CPU
		{1C31E1CF-11F0-5143-303A-D10ACB039B86}.Debug|Any CPU.Build.0 = Debug|Any CPU
		{1C31E1CF-11F0-5143-303A-D10ACB039B86}.Release|Any CPU.ActiveCfg = Release|Any CPU
		{1C31E1CF-11F0-5143-303A-D10ACB039B86}.Release|Any CPU.Build.0 = Release|Any CPU
		{AC65F606-64B2-E230-D41C-30E01BD95171}.Debug|Any CPU.ActiveCfg = Debug|Any CPU
		{AC65F606-64B2-E230-D41C-30E01BD95171}.Debug|Any CPU.Build.0 = Debug|Any CPU
		{AC65F606-64B2-E230-D41C-30E01BD95171}.Release|Any CPU.ActiveCfg = Release|Any CPU
		{AC65F606-64B2-E230-D41C-30E01BD95171}.Release|Any CPU.Build.0 = Release|Any CPU
		{9B7ADD1B-2AFF-7DF7-6F23-2A34096EF98C}.Debug|Any CPU.ActiveCfg = Debug|Any CPU
		{9B7ADD1B-2AFF-7DF7-6F23-2A34096EF98C}.Debug|Any CPU.Build.0 = Debug|Any CPU
		{9B7ADD1B-2AFF-7DF7-6F23-2A34096EF98C}.Release|Any CPU.ActiveCfg = Release|Any CPU
		{9B7ADD1B-2AFF-7DF7-6F23-2A34096EF98C}.Release|Any CPU.Build.0 = Release|Any CPU
		{00F88D85-4A93-40C8-9172-B4F48560A959}.Debug|Any CPU.ActiveCfg = Debug|Any CPU
		{00F88D85-4A93-40C8-9172-B4F48560A959}.Debug|Any CPU.Build.0 = Debug|Any CPU
		{00F88D85-4A93-40C8-9172-B4F48560A959}.Release|Any CPU.ActiveCfg = Release|Any CPU
		{00F88D85-4A93-40C8-9172-B4F48560A959}.Release|Any CPU.Build.0 = Release|Any CPU
		{8AB82DE6-A912-47F0-ADE6-DEC0B53DDE62}.Debug|Any CPU.ActiveCfg = Debug|Any CPU
		{8AB82DE6-A912-47F0-ADE6-DEC0B53DDE62}.Debug|Any CPU.Build.0 = Debug|Any CPU
		{8AB82DE6-A912-47F0-ADE6-DEC0B53DDE62}.Release|Any CPU.ActiveCfg = Release|Any CPU
		{8AB82DE6-A912-47F0-ADE6-DEC0B53DDE62}.Release|Any CPU.Build.0 = Release|Any CPU
		{067881A8-381F-4C03-B388-E3388068466D}.Debug|Any CPU.ActiveCfg = Debug|Any CPU
		{067881A8-381F-4C03-B388-E3388068466D}.Debug|Any CPU.Build.0 = Debug|Any CPU
		{067881A8-381F-4C03-B388-E3388068466D}.Release|Any CPU.ActiveCfg = Release|Any CPU
		{067881A8-381F-4C03-B388-E3388068466D}.Release|Any CPU.Build.0 = Release|Any CPU
		{7ED69AD8-5006-4380-B447-BFF05A0B618D}.Debug|Any CPU.ActiveCfg = Debug|Any CPU
		{7ED69AD8-5006-4380-B447-BFF05A0B618D}.Debug|Any CPU.Build.0 = Debug|Any CPU
		{7ED69AD8-5006-4380-B447-BFF05A0B618D}.Release|Any CPU.ActiveCfg = Release|Any CPU
		{7ED69AD8-5006-4380-B447-BFF05A0B618D}.Release|Any CPU.Build.0 = Release|Any CPU
		{5068104F-EEAC-446B-A787-AAF172B4212E}.Debug|Any CPU.ActiveCfg = Debug|Any CPU
		{5068104F-EEAC-446B-A787-AAF172B4212E}.Debug|Any CPU.Build.0 = Debug|Any CPU
		{5068104F-EEAC-446B-A787-AAF172B4212E}.Release|Any CPU.ActiveCfg = Release|Any CPU
		{5068104F-EEAC-446B-A787-AAF172B4212E}.Release|Any CPU.Build.0 = Release|Any CPU
		{8F4A1702-3E65-43B0-AB2D-08F396CF7F56}.Debug|Any CPU.ActiveCfg = Debug|Any CPU
		{8F4A1702-3E65-43B0-AB2D-08F396CF7F56}.Debug|Any CPU.Build.0 = Debug|Any CPU
		{8F4A1702-3E65-43B0-AB2D-08F396CF7F56}.Release|Any CPU.ActiveCfg = Release|Any CPU
		{8F4A1702-3E65-43B0-AB2D-08F396CF7F56}.Release|Any CPU.Build.0 = Release|Any CPU
		{614BD796-6AD7-4822-BDFA-E44BE7E97970}.Debug|Any CPU.ActiveCfg = Debug|Any CPU
		{614BD796-6AD7-4822-BDFA-E44BE7E97970}.Debug|Any CPU.Build.0 = Debug|Any CPU
		{614BD796-6AD7-4822-BDFA-E44BE7E97970}.Release|Any CPU.ActiveCfg = Release|Any CPU
		{614BD796-6AD7-4822-BDFA-E44BE7E97970}.Release|Any CPU.Build.0 = Release|Any CPU
		{1870D06A-6240-4965-83A4-A9AA42012DB6}.Debug|Any CPU.ActiveCfg = Debug|Any CPU
		{1870D06A-6240-4965-83A4-A9AA42012DB6}.Debug|Any CPU.Build.0 = Debug|Any CPU
		{1870D06A-6240-4965-83A4-A9AA42012DB6}.Release|Any CPU.ActiveCfg = Release|Any CPU
		{1870D06A-6240-4965-83A4-A9AA42012DB6}.Release|Any CPU.Build.0 = Release|Any CPU
		{DD2DA139-DF90-42CE-AB8B-DC7A0111C611}.Debug|Any CPU.ActiveCfg = Debug|Any CPU
		{DD2DA139-DF90-42CE-AB8B-DC7A0111C611}.Debug|Any CPU.Build.0 = Debug|Any CPU
		{DD2DA139-DF90-42CE-AB8B-DC7A0111C611}.Release|Any CPU.ActiveCfg = Release|Any CPU
		{DD2DA139-DF90-42CE-AB8B-DC7A0111C611}.Release|Any CPU.Build.0 = Release|Any CPU
		{225C54DC-0B81-494C-A108-0C07DB95CEE0}.Debug|Any CPU.ActiveCfg = Debug|Any CPU
		{225C54DC-0B81-494C-A108-0C07DB95CEE0}.Debug|Any CPU.Build.0 = Debug|Any CPU
		{225C54DC-0B81-494C-A108-0C07DB95CEE0}.Release|Any CPU.ActiveCfg = Release|Any CPU
		{225C54DC-0B81-494C-A108-0C07DB95CEE0}.Release|Any CPU.Build.0 = Release|Any CPU
		{6C99A479-2A07-4827-AE0C-1BC11C958BFF}.Debug|Any CPU.ActiveCfg = Debug|Any CPU
		{6C99A479-2A07-4827-AE0C-1BC11C958BFF}.Debug|Any CPU.Build.0 = Debug|Any CPU
		{6C99A479-2A07-4827-AE0C-1BC11C958BFF}.Release|Any CPU.ActiveCfg = Release|Any CPU
		{6C99A479-2A07-4827-AE0C-1BC11C958BFF}.Release|Any CPU.Build.0 = Release|Any CPU
		{1FB5F5D0-232D-44F2-9DF6-B82C654890EC}.Debug|Any CPU.ActiveCfg = Debug|Any CPU
		{1FB5F5D0-232D-44F2-9DF6-B82C654890EC}.Debug|Any CPU.Build.0 = Debug|Any CPU
		{1FB5F5D0-232D-44F2-9DF6-B82C654890EC}.Release|Any CPU.ActiveCfg = Release|Any CPU
		{1FB5F5D0-232D-44F2-9DF6-B82C654890EC}.Release|Any CPU.Build.0 = Release|Any CPU
		{10C11486-AF4D-422C-8A8F-D5364703E2C5}.Debug|Any CPU.ActiveCfg = Debug|Any CPU
		{10C11486-AF4D-422C-8A8F-D5364703E2C5}.Debug|Any CPU.Build.0 = Debug|Any CPU
		{10C11486-AF4D-422C-8A8F-D5364703E2C5}.Release|Any CPU.ActiveCfg = Release|Any CPU
		{10C11486-AF4D-422C-8A8F-D5364703E2C5}.Release|Any CPU.Build.0 = Release|Any CPU
		{60547E7E-AA55-46D3-9282-8768D90F73C0}.Debug|Any CPU.ActiveCfg = Debug|Any CPU
		{60547E7E-AA55-46D3-9282-8768D90F73C0}.Debug|Any CPU.Build.0 = Debug|Any CPU
		{60547E7E-AA55-46D3-9282-8768D90F73C0}.Release|Any CPU.ActiveCfg = Release|Any CPU
		{60547E7E-AA55-46D3-9282-8768D90F73C0}.Release|Any CPU.Build.0 = Release|Any CPU
		{102AC8B6-5D1F-49F1-A998-DDA53A7774CB}.Debug|Any CPU.ActiveCfg = Debug|Any CPU
		{102AC8B6-5D1F-49F1-A998-DDA53A7774CB}.Debug|Any CPU.Build.0 = Debug|Any CPU
		{102AC8B6-5D1F-49F1-A998-DDA53A7774CB}.Release|Any CPU.ActiveCfg = Release|Any CPU
		{102AC8B6-5D1F-49F1-A998-DDA53A7774CB}.Release|Any CPU.Build.0 = Release|Any CPU
		{A9F0E5EC-B9F5-4BE2-BA9A-BB2CCE12BA97}.Debug|Any CPU.ActiveCfg = Debug|Any CPU
		{A9F0E5EC-B9F5-4BE2-BA9A-BB2CCE12BA97}.Debug|Any CPU.Build.0 = Debug|Any CPU
		{A9F0E5EC-B9F5-4BE2-BA9A-BB2CCE12BA97}.Release|Any CPU.ActiveCfg = Release|Any CPU
		{A9F0E5EC-B9F5-4BE2-BA9A-BB2CCE12BA97}.Release|Any CPU.Build.0 = Release|Any CPU
		{BA4E9105-7C5A-44E0-9B72-D818893DCD30}.Debug|Any CPU.ActiveCfg = Debug|Any CPU
		{BA4E9105-7C5A-44E0-9B72-D818893DCD30}.Debug|Any CPU.Build.0 = Debug|Any CPU
		{BA4E9105-7C5A-44E0-9B72-D818893DCD30}.Release|Any CPU.ActiveCfg = Release|Any CPU
		{BA4E9105-7C5A-44E0-9B72-D818893DCD30}.Release|Any CPU.Build.0 = Release|Any CPU
		{9DAB0951-88DF-4839-809D-97F4D65EAB81}.Debug|Any CPU.ActiveCfg = Debug|Any CPU
		{9DAB0951-88DF-4839-809D-97F4D65EAB81}.Debug|Any CPU.Build.0 = Debug|Any CPU
		{9DAB0951-88DF-4839-809D-97F4D65EAB81}.Release|Any CPU.ActiveCfg = Release|Any CPU
		{9DAB0951-88DF-4839-809D-97F4D65EAB81}.Release|Any CPU.Build.0 = Release|Any CPU
		{48C9F2E1-D790-4481-B61C-4AC962C35C99}.Debug|Any CPU.ActiveCfg = Debug|Any CPU
		{48C9F2E1-D790-4481-B61C-4AC962C35C99}.Debug|Any CPU.Build.0 = Debug|Any CPU
		{48C9F2E1-D790-4481-B61C-4AC962C35C99}.Release|Any CPU.ActiveCfg = Release|Any CPU
		{48C9F2E1-D790-4481-B61C-4AC962C35C99}.Release|Any CPU.Build.0 = Release|Any CPU
		{7F6A6399-0D6D-499D-AB26-A7E97FB0D914}.Debug|Any CPU.ActiveCfg = Debug|Any CPU
		{7F6A6399-0D6D-499D-AB26-A7E97FB0D914}.Debug|Any CPU.Build.0 = Debug|Any CPU
		{7F6A6399-0D6D-499D-AB26-A7E97FB0D914}.Release|Any CPU.ActiveCfg = Release|Any CPU
		{7F6A6399-0D6D-499D-AB26-A7E97FB0D914}.Release|Any CPU.Build.0 = Release|Any CPU
		{DE6C2591-07C0-4B9B-8FFC-FBA4D04DE9CC}.Debug|Any CPU.ActiveCfg = Debug|Any CPU
		{DE6C2591-07C0-4B9B-8FFC-FBA4D04DE9CC}.Debug|Any CPU.Build.0 = Debug|Any CPU
		{DE6C2591-07C0-4B9B-8FFC-FBA4D04DE9CC}.Release|Any CPU.ActiveCfg = Release|Any CPU
		{DE6C2591-07C0-4B9B-8FFC-FBA4D04DE9CC}.Release|Any CPU.Build.0 = Release|Any CPU
	EndGlobalSection
	GlobalSection(SolutionProperties) = preSolution
		HideSolutionNode = FALSE
	EndGlobalSection
	GlobalSection(NestedProjects) = preSolution
		{EFDAA20B-0840-4A6E-BF30-78AA2DB51CBD} = {02EA681E-C7D8-13C7-8484-4AC65E1B71E8}
		{1C31E1CF-11F0-5143-303A-D10ACB039B86} = {EFDAA20B-0840-4A6E-BF30-78AA2DB51CBD}
		{AC65F606-64B2-E230-D41C-30E01BD95171} = {EFDAA20B-0840-4A6E-BF30-78AA2DB51CBD}
		{9B7ADD1B-2AFF-7DF7-6F23-2A34096EF98C} = {EFDAA20B-0840-4A6E-BF30-78AA2DB51CBD}
		{59981BE2-6486-41B3-AD1B-4C47D05BEBEF} = {F419B2D9-8308-41CB-9B4D-382E7E4DD350}
		{991D74A2-1BCF-4353-938F-CD45C9B3F127} = {59981BE2-6486-41B3-AD1B-4C47D05BEBEF}
		{00F88D85-4A93-40C8-9172-B4F48560A959} = {991D74A2-1BCF-4353-938F-CD45C9B3F127}
		{8AB82DE6-A912-47F0-ADE6-DEC0B53DDE62} = {991D74A2-1BCF-4353-938F-CD45C9B3F127}
		{067881A8-381F-4C03-B388-E3388068466D} = {991D74A2-1BCF-4353-938F-CD45C9B3F127}
		{34869C52-955F-476B-AEBC-AB40B677B06B} = {59981BE2-6486-41B3-AD1B-4C47D05BEBEF}
		{7ED69AD8-5006-4380-B447-BFF05A0B618D} = {34869C52-955F-476B-AEBC-AB40B677B06B}
		{5068104F-EEAC-446B-A787-AAF172B4212E} = {34869C52-955F-476B-AEBC-AB40B677B06B}
		{8F4A1702-3E65-43B0-AB2D-08F396CF7F56} = {34869C52-955F-476B-AEBC-AB40B677B06B}
		{0412C843-9AAC-4A3D-9DCB-75050E79E617} = {59981BE2-6486-41B3-AD1B-4C47D05BEBEF}
		{614BD796-6AD7-4822-BDFA-E44BE7E97970} = {0412C843-9AAC-4A3D-9DCB-75050E79E617}
		{1870D06A-6240-4965-83A4-A9AA42012DB6} = {0412C843-9AAC-4A3D-9DCB-75050E79E617}
		{DD2DA139-DF90-42CE-AB8B-DC7A0111C611} = {0412C843-9AAC-4A3D-9DCB-75050E79E617}
		{9DE2CD81-F58D-4DEE-AEFF-486E14C0E1E3} = {59981BE2-6486-41B3-AD1B-4C47D05BEBEF}
		{225C54DC-0B81-494C-A108-0C07DB95CEE0} = {9DE2CD81-F58D-4DEE-AEFF-486E14C0E1E3}
		{6C99A479-2A07-4827-AE0C-1BC11C958BFF} = {9DE2CD81-F58D-4DEE-AEFF-486E14C0E1E3}
		{1FB5F5D0-232D-44F2-9DF6-B82C654890EC} = {9DE2CD81-F58D-4DEE-AEFF-486E14C0E1E3}
		{3EEB16ED-7CDE-4B3B-9C47-1EF2A75496A6} = {59981BE2-6486-41B3-AD1B-4C47D05BEBEF}
		{10C11486-AF4D-422C-8A8F-D5364703E2C5} = {3EEB16ED-7CDE-4B3B-9C47-1EF2A75496A6}
		{60547E7E-AA55-46D3-9282-8768D90F73C0} = {3EEB16ED-7CDE-4B3B-9C47-1EF2A75496A6}
		{102AC8B6-5D1F-49F1-A998-DDA53A7774CB} = {3EEB16ED-7CDE-4B3B-9C47-1EF2A75496A6}
		{269B62AC-8DDD-48F7-A28E-AE60967FF47D} = {59981BE2-6486-41B3-AD1B-4C47D05BEBEF}
		{A9F0E5EC-B9F5-4BE2-BA9A-BB2CCE12BA97} = {269B62AC-8DDD-48F7-A28E-AE60967FF47D}
		{BA4E9105-7C5A-44E0-9B72-D818893DCD30} = {269B62AC-8DDD-48F7-A28E-AE60967FF47D}
		{9DAB0951-88DF-4839-809D-97F4D65EAB81} = {269B62AC-8DDD-48F7-A28E-AE60967FF47D}
		{A0982435-0F23-4D8B-B89F-52395FF7BDD2} = {59981BE2-6486-41B3-AD1B-4C47D05BEBEF}
		{48C9F2E1-D790-4481-B61C-4AC962C35C99} = {A0982435-0F23-4D8B-B89F-52395FF7BDD2}
		{7F6A6399-0D6D-499D-AB26-A7E97FB0D914} = {A0982435-0F23-4D8B-B89F-52395FF7BDD2}
		{DE6C2591-07C0-4B9B-8FFC-FBA4D04DE9CC} = {A0982435-0F23-4D8B-B89F-52395FF7BDD2}
	EndGlobalSection
	GlobalSection(ExtensibilityGlobals) = postSolution
		SolutionGuid = {906BCB76-58DD-435C-B1B8-67D9499CE8A7}
	EndGlobalSection
EndGlobal
