
Microsoft Visual Studio Solution File, Format Version 12.00
# Visual Studio Version 17
VisualStudioVersion = 17.14.36401.2
MinimumVisualStudioVersion = 10.0.40219.1
Project("{FAE04EC0-301F-11D3-BF4B-00C04F79EFBC}") = "CommercialNews.BuildingBlocks", "src\building-blocks\CommercialNews.BuildingBlocks\CommercialNews.BuildingBlocks.csproj", "{F0A5C638-300B-EDD0-8D67-2E2F5E9D92D1}"
EndProject
Project("{FAE04EC0-301F-11D3-BF4B-00C04F79EFBC}") = "CommercialNews.Api", "src\hosts\CommercialNews.Api\CommercialNews.Api.csproj", "{11191CC8-F365-499B-46A1-12DFC70FFF05}"
EndProject
Project("{FAE04EC0-301F-11D3-BF4B-00C04F79EFBC}") = "CommercialNews.Worker", "src\hosts\CommercialNews.Worker\CommercialNews.Worker.csproj", "{C3FC7DD7-0DDA-3120-6544-9C8FAC172957}"
EndProject
Project("{2150E333-8FDC-42A3-9474-1A3956D46DE8}") = "modules", "modules", "{02EA681E-C7D8-13C7-8484-4AC65E1B71E8}"
EndProject
Project("{2150E333-8FDC-42A3-9474-1A3956D46DE8}") = "Identity", "Identity", "{EFDAA20B-0840-4A6E-BF30-78AA2DB51CBD}"
EndProject
Project("{FAE04EC0-301F-11D3-BF4B-00C04F79EFBC}") = "Identity.Application", "src\modules\Identity\Identity.Application\Identity.Application.csproj", "{1C31E1CF-11F0-5143-303A-D10ACB039B86}"
EndProject
Project("{FAE04EC0-301F-11D3-BF4B-00C04F79EFBC}") = "Identity.Domain", "src\modules\Identity\Identity.Domain\Identity.Domain.csproj", "{AC65F606-64B2-E230-D41C-30E01BD95171}"
EndProject
Project("{FAE04EC0-301F-11D3-BF4B-00C04F79EFBC}") = "Identity.Infrastructure", "src\modules\Identity\Identity.Infrastructure\Identity.Infrastructure.csproj", "{9B7ADD1B-2AFF-7DF7-6F23-2A34096EF98C}"
EndProject
Project("{2150E333-8FDC-42A3-9474-1A3956D46DE8}") = "src", "src", "{F419B2D9-8308-41CB-9B4D-382E7E4DD350}"
EndProject
Project("{2150E333-8FDC-42A3-9474-1A3956D46DE8}") = "modules", "modules", "{59981BE2-6486-41B3-AD1B-4C47D05BEBEF}"
EndProject
Project("{2150E333-8FDC-42A3-9474-1A3956D46DE8}") = "Authorization", "Authorization", "{991D74A2-1BCF-4353-938F-CD45C9B3F127}"
EndProject
Project("{FAE04EC0-301F-11D3-BF4B-00C04F79EFBC}") = "Authorization.Domain", "src\modules\Authorization\Authorization.Domain\Authorization.Domain.csproj", "{00F88D85-4A93-40C8-9172-B4F48560A959}"
EndProject
Project("{FAE04EC0-301F-11D3-BF4B-00C04F79EFBC}") = "Authorization.Application", "src\modules\Authorization\Authorization.Application\Authorization.Application.csproj", "{8AB82DE6-A912-47F0-ADE6-DEC0B53DDE62}"
EndProject
Project("{FAE04EC0-301F-11D3-BF4B-00C04F79EFBC}") = "Authorization.Infrastructure", "src\modules\Authorization\Authorization.Infrastructure\Authorization.Infrastructure.csproj", "{067881A8-381F-4C03-B388-E3388068466D}"
EndProject
Project("{2150E333-8FDC-42A3-9474-1A3956D46DE8}") = "Content", "Content", "{34869C52-955F-476B-AEBC-AB40B677B06B}"
EndProject
Project("{FAE04EC0-301F-11D3-BF4B-00C04F79EFBC}") = "Content.Domain", "src\modules\Content\Content.Domain\Content.Domain.csproj", "{7ED69AD8-5006-4380-B447-BFF05A0B618D}"
EndProject
Project("{FAE04EC0-301F-11D3-BF4B-00C04F79EFBC}") = "Content.Application", "src\modules\Content\Content.Application\Content.Application.csproj", "{5068104F-EEAC-446B-A787-AAF172B4212E}"
EndProject
Project("{FAE04EC0-301F-11D3-BF4B-00C04F79EFBC}") = "Content.Infrastructure", "src\modules\Content\Content.Infrastructure\Content.Infrastructure.csproj", "{8F4A1702-3E65-43B0-AB2D-08F396CF7F56}"
EndProject
Global
	GlobalSection(SolutionConfigurationPlatforms) = preSolution
		Debug|Any CPU = Debug|Any CPU
		Release|Any CPU = Release|Any CPU
	EndGlobalSection
	GlobalSection(ProjectConfigurationPlatforms) = postSolution
		{F0A5C638-300B-EDD0-8D67-2E2F5E9D92D1}.Debug|Any CPU.ActiveCfg = Debug|Any CPU
		{F0A5C638-300B-EDD0-8D67-2E2F5E9D92D1}.Debug|Any CPU.Build.0 = Debug|Any CPU
		{F0A5C638-300B-EDD0-8D67-2E2F5E9D92D1}.Release|Any CPU.ActiveCfg = Release|Any CPU
		{F0A5C638-300B-EDD0-8D67-2E2F5E9D92D1}.Release|Any CPU.Build.0 = Release|Any CPU
		{11191CC8-F365-499B-46A1-12DFC70FFF05}.Debug|Any CPU.ActiveCfg = Debug|Any CPU
		{11191CC8-F365-499B-46A1-12DFC70FFF05}.Debug|Any CPU.Build.0 = Debug|Any CPU
		{11191CC8-F365-499B-46A1-12DFC70FFF05}.Release|Any CPU.ActiveCfg = Release|Any CPU
		{11191CC8-F365-499B-46A1-12DFC70FFF05}.Release|Any CPU.Build.0 = Release|Any CPU
		{C3FC7DD7-0DDA-3120-6544-9C8FAC172957}.Debug|Any CPU.ActiveCfg = Debug|Any CPU
		{C3FC7DD7-0DDA-3120-6544-9C8FAC172957}.Debug|Any CPU.Build.0 = Debug|Any CPU
		{C3FC7DD7-0DDA-3120-6544-9C8FAC172957}.Release|Any CPU.ActiveCfg = Release|Any CPU
		{C3FC7DD7-0DDA-3120-6544-9C8FAC172957}.Release|Any CPU.Build.0 = Release|Any CPU
		{1C31E1CF-11F0-5143-303A-D10ACB039B86}.Debug|Any CPU.ActiveCfg = Debug|Any CPU
		{1C31E1CF-11F0-5143-303A-D10ACB039B86}.Debug|Any CPU.Build.0 = Debug|Any CPU
		{1C31E1CF-11F0-5143-303A-D10ACB039B86}.Release|Any CPU.ActiveCfg = Release|Any CPU
		{1C31E1CF-11F0-5143-303A-D10ACB039B86}.Release|Any CPU.Build.0 = Release|Any CPU
		{AC65F606-64B2-E230-D41C-30E01BD95171}.Debug|Any CPU.ActiveCfg = Debug|Any CPU
		{AC65F606-64B2-E230-D41C-30E01BD95171}.Debug|Any CPU.Build.0 = Debug|Any CPU
		{AC65F606-64B2-E230-D41C-30E01BD95171}.Release|Any CPU.ActiveCfg = Release|Any CPU
		{AC65F606-64B2-E230-D41C-30E01BD95171}.Release|Any CPU.Build.0 = Release|Any CPU
		{9B7ADD1B-2AFF-7DF7-6F23-2A34096EF98C}.Debug|Any CPU.ActiveCfg = Debug|Any CPU
		{9B7ADD1B-2AFF-7DF7-6F23-2A34096EF98C}.Debug|Any CPU.Build.0 = Debug|Any CPU
		{9B7ADD1B-2AFF-7DF7-6F23-2A34096EF98C}.Release|Any CPU.ActiveCfg = Release|Any CPU
		{9B7ADD1B-2AFF-7DF7-6F23-2A34096EF98C}.Release|Any CPU.Build.0 = Release|Any CPU
		{00F88D85-4A93-40C8-9172-B4F48560A959}.Debug|Any CPU.ActiveCfg = Debug|Any CPU
		{00F88D85-4A93-40C8-9172-B4F48560A959}.Debug|Any CPU.Build.0 = Debug|Any CPU
		{00F88D85-4A93-40C8-9172-B4F48560A959}.Release|Any CPU.ActiveCfg = Release|Any CPU
		{00F88D85-4A93-40C8-9172-B4F48560A959}.Release|Any CPU.Build.0 = Release|Any CPU
		{8AB82DE6-A912-47F0-ADE6-DEC0B53DDE62}.Debug|Any CPU.ActiveCfg = Debug|Any CPU
		{8AB82DE6-A912-47F0-ADE6-DEC0B53DDE62}.Debug|Any CPU.Build.0 = Debug|Any CPU
		{8AB82DE6-A912-47F0-ADE6-DEC0B53DDE62}.Release|Any CPU.ActiveCfg = Release|Any CPU
		{8AB82DE6-A912-47F0-ADE6-DEC0B53DDE62}.Release|Any CPU.Build.0 = Release|Any CPU
		{067881A8-381F-4C03-B388-E3388068466D}.Debug|Any CPU.ActiveCfg = Debug|Any CPU
		{067881A8-381F-4C03-B388-E3388068466D}.Debug|Any CPU.Build.0 = Debug|Any CPU
		{067881A8-381F-4C03-B388-E3388068466D}.Release|Any CPU.ActiveCfg = Release|Any CPU
		{067881A8-381F-4C03-B388-E3388068466D}.Release|Any CPU.Build.0 = Release|Any CPU
		{7ED69AD8-5006-4380-B447-BFF05A0B618D}.Debug|Any CPU.ActiveCfg = Debug|Any CPU
		{7ED69AD8-5006-4380-B447-BFF05A0B618D}.Debug|Any CPU.Build.0 = Debug|Any CPU
		{7ED69AD8-5006-4380-B447-BFF05A0B618D}.Release|Any CPU.ActiveCfg = Release|Any CPU
		{7ED69AD8-5006-4380-B447-BFF05A0B618D}.Release|Any CPU.Build.0 = Release|Any CPU
		{5068104F-EEAC-446B-A787-AAF172B4212E}.Debug|Any CPU.ActiveCfg = Debug|Any CPU
		{5068104F-EEAC-446B-A787-AAF172B4212E}.Debug|Any CPU.Build.0 = Debug|Any CPU
		{5068104F-EEAC-446B-A787-AAF172B4212E}.Release|Any CPU.ActiveCfg = Release|Any CPU
		{5068104F-EEAC-446B-A787-AAF172B4212E}.Release|Any CPU.Build.0 = Release|Any CPU
		{8F4A1702-3E65-43B0-AB2D-08F396CF7F56}.Debug|Any CPU.ActiveCfg = Debug|Any CPU
		{8F4A1702-3E65-43B0-AB2D-08F396CF7F56}.Debug|Any CPU.Build.0 = Debug|Any CPU
		{8F4A1702-3E65-43B0-AB2D-08F396CF7F56}.Release|Any CPU.ActiveCfg = Release|Any CPU
		{8F4A1702-3E65-43B0-AB2D-08F396CF7F56}.Release|Any CPU.Build.0 = Release|Any CPU
	EndGlobalSection
	GlobalSection(SolutionProperties) = preSolution
		HideSolutionNode = FALSE
	EndGlobalSection
	GlobalSection(NestedProjects) = preSolution
		{EFDAA20B-0840-4A6E-BF30-78AA2DB51CBD} = {02EA681E-C7D8-13C7-8484-4AC65E1B71E8}
		{1C31E1CF-11F0-5143-303A-D10ACB039B86} = {EFDAA20B-0840-4A6E-BF30-78AA2DB51CBD}
		{AC65F606-64B2-E230-D41C-30E01BD95171} = {EFDAA20B-0840-4A6E-BF30-78AA2DB51CBD}
		{9B7ADD1B-2AFF-7DF7-6F23-2A34096EF98C} = {EFDAA20B-0840-4A6E-BF30-78AA2DB51CBD}
		{59981BE2-6486-41B3-AD1B-4C47D05BEBEF} = {F419B2D9-8308-41CB-9B4D-382E7E4DD350}
		{991D74A2-1BCF-4353-938F-CD45C9B3F127} = {59981BE2-6486-41B3-AD1B-4C47D05BEBEF}
		{00F88D85-4A93-40C8-9172-B4F48560A959} = {991D74A2-1BCF-4353-938F-CD45C9B3F127}
		{8AB82DE6-A912-47F0-ADE6-DEC0B53DDE62} = {991D74A2-1BCF-4353-938F-CD45C9B3F127}
		{067881A8-381F-4C03-B388-E3388068466D} = {991D74A2-1BCF-4353-938F-CD45C9B3F127}
		{34869C52-955F-476B-AEBC-AB40B677B06B} = {59981BE2-6486-41B3-AD1B-4C47D05BEBEF}
		{7ED69AD8-5006-4380-B447-BFF05A0B618D} = {34869C52-955F-476B-AEBC-AB40B677B06B}
		{5068104F-EEAC-446B-A787-AAF172B4212E} = {34869C52-955F-476B-AEBC-AB40B677B06B}
		{8F4A1702-3E65-43B0-AB2D-08F396CF7F56} = {34869C52-955F-476B-AEBC-AB40B677B06B}
	EndGlobalSection
	GlobalSection(ExtensibilityGlobals) = postSolution
		SolutionGuid = {906BCB76-58DD-435C-B1B8-67D9499CE8A7}
	EndGlobalSection
EndGlobal
