Microsoft Visual Studio Solution File, Format Version 12.00
# Visual Studio Version 17
VisualStudioVersion = 17.5.2.0
MinimumVisualStudioVersion = 10.0.40219.1
Project("{FAE04EC0-301F-11D3-BF4B-00C04F79EFBC}") = "CommercialNews.Api", "CommercialNews.Api.csproj", "{A85136D4-C296-3FB2-72D6-C9FB0E5382B4}"
EndProject
Global
	GlobalSection(SolutionConfigurationPlatforms) = preSolution
		Debug|Any CPU = Debug|Any CPU
		Release|Any CPU = Release|Any CPU
	EndGlobalSection
	GlobalSection(ProjectConfigurationPlatforms) = postSolution
		{A85136D4-C296-3FB2-72D6-C9FB0E5382B4}.Debug|Any CPU.ActiveCfg = Debug|Any CPU
		{A85136D4-C296-3FB2-72D6-C9FB0E5382B4}.Debug|Any CPU.Build.0 = Debug|Any CPU
		{A85136D4-C296-3FB2-72D6-C9FB0E5382B4}.Release|Any CPU.ActiveCfg = Release|Any CPU
		{A85136D4-C296-3FB2-72D6-C9FB0E5382B4}.Release|Any CPU.Build.0 = Release|Any CPU
	EndGlobalSection
	GlobalSection(SolutionProperties) = preSolution
		HideSolutionNode = FALSE
	EndGlobalSection
	GlobalSection(ExtensibilityGlobals) = postSolution
		SolutionGuid = {2C957F1D-63F6-45EE-B3C8-3FED9BE39A88}
	EndGlobalSection
EndGlobal
